{
  "version": 4,
  "terraform_version": "0.12.16",
  "serial": 6,
  "lineage": "dbcf67f6-c23c-7801-b3c4-efeabdab2d46",
  "outputs": {},
  "resources": [
    {
      "module": "module.avset",
      "mode": "managed",
      "type": "azurerm_availability_set",
      "name": "test",
      "provider": "provider.azurerm",
      "instances": [
        {
          "schema_version": 0,
          "attributes": {
            "id": "/subscriptions/88a141e2-d0a2-4dcc-970e-1318e600e853/resourceGroups/myterraform/providers/Microsoft.Compute/availabilitySets/myavset",
            "location": "westus",
            "managed": false,
            "name": "myavset",
            "platform_fault_domain_count": 3,
            "platform_update_domain_count": 5,
            "proximity_placement_group_id": null,
            "resource_group_name": "myterraform",
            "tags": {}
          },
          "private": "bnVsbA==",
          "dependencies": [
            "module.resourcegroup.azurerm_resource_group.test"
          ]
        }
      ]
    },
    {
      "module": "module.loadbalancer",
      "mode": "managed",
      "type": "azurerm_lb",
      "name": "test",
      "provider": "provider.azurerm",
      "instances": [
        {
          "schema_version": 0,
          "attributes": {
            "frontend_ip_configuration": [
              {
                "inbound_nat_rules": [],
                "load_balancer_rules": [],
                "name": "PublicIPAddress",
                "outbound_rules": [],
                "private_ip_address": "",
                "private_ip_address_allocation": "Dynamic",
                "public_ip_address_id": "/subscriptions/88a141e2-d0a2-4dcc-970e-1318e600e853/resourceGroups/myterraform/providers/Microsoft.Network/publicIPAddresses/mypubip",
                "public_ip_prefix_id": "",
                "subnet_id": "",
                "zones": null
              }
            ],
            "id": "/subscriptions/88a141e2-d0a2-4dcc-970e-1318e600e853/resourceGroups/myterraform/providers/Microsoft.Network/loadBalancers/TestLoadBalancer",
            "location": "westus",
            "name": "TestLoadBalancer",
            "private_ip_address": "",
            "private_ip_addresses": [],
            "resource_group_name": "myterraform",
            "sku": "Basic",
            "tags": {}
          },
          "private": "bnVsbA==",
          "dependencies": [
            "module.publicip.azurerm_public_ip.test",
            "module.resourcegroup.azurerm_resource_group.test"
          ]
        }
      ]
    },
    {
      "module": "module.publicip",
      "mode": "managed",
      "type": "azurerm_public_ip",
      "name": "test",
      "provider": "provider.azurerm",
      "instances": [
        {
          "schema_version": 0,
          "attributes": {
            "allocation_method": "Dynamic",
            "domain_name_label": null,
            "fqdn": null,
            "id": "/subscriptions/88a141e2-d0a2-4dcc-970e-1318e600e853/resourceGroups/myterraform/providers/Microsoft.Network/publicIPAddresses/mypubip",
            "idle_timeout_in_minutes": 4,
            "ip_address": "",
            "ip_version": "IPv4",
            "location": "westus",
            "name": "mypubip",
            "public_ip_address_allocation": "Dynamic",
            "public_ip_prefix_id": null,
            "resource_group_name": "myterraform",
            "reverse_fqdn": null,
            "sku": "Basic",
            "tags": {},
            "zones": null
          },
          "private": "bnVsbA==",
          "dependencies": [
            "module.resourcegroup.azurerm_resource_group.test"
          ]
        }
      ]
    },
    {
      "module": "module.resourcegroup",
      "mode": "managed",
      "type": "azurerm_resource_group",
      "name": "test",
      "provider": "provider.azurerm",
      "instances": [
        {
          "schema_version": 0,
          "attributes": {
            "id": "/subscriptions/88a141e2-d0a2-4dcc-970e-1318e600e853/resourceGroups/myterraform",
            "location": "westus",
            "name": "myterraform",
            "tags": {}
          },
          "private": "bnVsbA=="
        }
      ]
    },
    {
      "module": "module.subnet",
      "mode": "managed",
      "type": "azurerm_subnet",
      "name": "test",
      "each": "list",
      "provider": "provider.azurerm",
      "instances": []
    },
    {
      "module": "module.vnet",
      "mode": "managed",
      "type": "azurerm_virtual_network",
      "name": "test",
      "provider": "provider.azurerm",
      "instances": [
        {
          "schema_version": 0,
          "attributes": {
            "address_space": [
              "11.0.0.0/16"
            ],
            "ddos_protection_plan": [],
            "dns_servers": null,
            "id": "/subscriptions/88a141e2-d0a2-4dcc-970e-1318e600e853/resourceGroups/myterraform/providers/Microsoft.Network/virtualNetworks/myvnet",
            "location": "westus",
            "name": "myvnet",
            "resource_group_name": "myterraform",
            "subnet": [],
            "tags": {}
          },
          "private": "bnVsbA==",
          "dependencies": [
            "module.resourcegroup.azurerm_resource_group.test"
          ]
        }
      ]
    }
  ]
}
